
Microsoft Visual Studio Solution File, Format Version 12.00
# Visual Studio Version 16
VisualStudioVersion = 16.0.31321.278
MinimumVisualStudioVersion = 10.0.40219.1
Project("{FAE04EC0-301F-11D3-BF4B-00C04F79EFBC}") = "Program92", "Program92\Program92.csproj", "{6F5F3D5A-273A-4C04-875F-47FE9E26694E}"
EndProject
Project("{FAE04EC0-301F-11D3-BF4B-00C04F79EFBC}") = "Program94", "..\Program94\Program94\Program94.csproj", "{C292030D-8FA6-4B5C-A304-75567F59FA19}"
EndProject
Global
	GlobalSection(SolutionConfigurationPlatforms) = preSolution
		Debug|Any CPU = Debug|Any CPU
		Release|Any CPU = Release|Any CPU
	EndGlobalSection
	GlobalSection(ProjectConfigurationPlatforms) = postSolution
		{6F5F3D5A-273A-4C04-875F-47FE9E26694E}.Debug|Any CPU.ActiveCfg = Debug|Any CPU
		{6F5F3D5A-273A-4C04-875F-47FE9E26694E}.Debug|Any CPU.Build.0 = Debug|Any CPU
		{6F5F3D5A-273A-4C04-875F-47FE9E26694E}.Release|Any CPU.ActiveCfg = Release|Any CPU
		{6F5F3D5A-273A-4C04-875F-47FE9E26694E}.Release|Any CPU.Build.0 = Release|Any CPU
		{C292030D-8FA6-4B5C-A304-75567F59FA19}.Debug|Any CPU.ActiveCfg = Debug|Any CPU
		{C292030D-8FA6-4B5C-A304-75567F59FA19}.Debug|Any CPU.Build.0 = Debug|Any CPU
		{C292030D-8FA6-4B5C-A304-75567F59FA19}.Release|Any CPU.ActiveCfg = Release|Any CPU
		{C292030D-8FA6-4B5C-A304-75567F59FA19}.Release|Any CPU.Build.0 = Release|Any CPU
	EndGlobalSection
	GlobalSection(SolutionProperties) = preSolution
		HideSolutionNode = FALSE
	EndGlobalSection
	GlobalSection(ExtensibilityGlobals) = postSolution
		SolutionGuid = {2137E561-4444-4837-8972-78F9CBFFC45F}
	EndGlobalSection
EndGlobal
